{
  "name": "ticker-alpha",
  "version": "1.0.0",
  "lockfileVersion": 3,
  "requires": true,
  "packages": {
    "": {
      "name": "ticker-alpha",
      "version": "1.0.0",
      "license": "ISC",
      "dependencies": {
        "@microsoft/clarity": "^1.0.2",
        "posthog-js": "^1.417.1"
      }
    },
    "node_modules/@microsoft/clarity": {
      "version": "1.0.2",
      "resolved": "https://registry.npmjs.org/@microsoft/clarity/-/clarity-1.0.2.tgz",
      "integrity": "sha512-9EZYROFpJxEGmQpHvUFqvD3ZJ7QQSqnibYSWmS+1xusoZfG1QQ1/Al9yVBBc11DWMbJrs1pe1hLT273it/skJg==",
      "license": "MIT"
    },
    "node_modules/@posthog/browser-common": {
      "version": "0.5.0",
      "resolved": "https://registry.npmjs.org/@posthog/browser-common/-/browser-common-0.5.0.tgz",
      "integrity": "sha512-8DaxVZS1bQPbA514RePurLNbYjei3P4jhnC206DwVv5XThmZM3QdlsXenI2ujE3pLbgQ79hYn9o1Kda8I3WK/Q==",
      "license": "MIT",
      "dependencies": {
        "@posthog/core": "^1.47.0",
        "@posthog/types": "^1.402.2"
      }
    },
    "node_modules/@posthog/core": {
      "version": "1.48.1",
      "resolved": "https://registry.npmjs.org/@posthog/core/-/core-1.48.1.tgz",
      "integrity": "sha512-mxw31XdYgt/SnlwqLPAcltK67q+QmsiYjVLGQ4GbBc8OJ7O4yRFSDwAXt8QsokHokeyEZtTRWM6jDHL7LYMx1A==",
      "license": "MIT",
      "dependencies": {
        "@posthog/types": "^1.404.1"
      }
    },
    "node_modules/@posthog/types": {
      "version": "1.404.1",
      "resolved": "https://registry.npmjs.org/@posthog/types/-/types-1.404.1.tgz",
      "integrity": "sha512-i2Gei6ARfOSBeTN4s2yUP1p97s2UNI+1NWmtLjhnR/V6t3RFOfI1sBWKcJNWHjtoOCCWoAFU+PNPY6SgT2VtEQ==",
      "license": "MIT"
    },
    "node_modules/@types/trusted-types": {
      "version": "2.0.7",
      "resolved": "https://registry.npmjs.org/@types/trusted-types/-/trusted-types-2.0.7.tgz",
      "integrity": "sha512-ScaPdn1dQczgbl0QFTeTOmVHFULt394XJgOQNoyVhZ6r2vLnMLJfBPd53SB52T/3G36VI1/g2MZaX0cwDuXsfw==",
      "license": "MIT",
      "optional": true
    },
    "node_modules/core-js": {
      "version": "3.50.0",
      "resolved": "https://registry.npmjs.org/core-js/-/core-js-3.50.0.tgz",
      "integrity": "sha512-BRWgOLKkFeCgRudR6zrs8p9XJZcE14grzKMMssoYrk6krtuEZ7MTKPIY5RzOnqsEKIR9kst7wNzphttraT+Yqw==",
      "hasInstallScript": true,
      "license": "MIT",
      "engines": {
        "node": "*"
      },
      "funding": {
        "type": "opencollective",
        "url": "https://opencollective.com/core-js"
      }
    },
    "node_modules/dompurify": {
      "version": "3.4.13",
      "resolved": "https://registry.npmjs.org/dompurify/-/dompurify-3.4.13.tgz",
      "integrity": "sha512-2vmYIoqjze2d+kakP8S/nS5shfsl587kzwEjcGlTdiksUVgFHnFCsLYDVj/JNqJVOQZGSYBTmuycv0PodwmnMQ==",
      "license": "(MPL-2.0 OR Apache-2.0)",
      "optionalDependencies": {
        "@types/trusted-types": "^2.0.7"
      }
    },
    "node_modules/fflate": {
      "version": "0.4.9",
      "resolved": "https://registry.npmjs.org/fflate/-/fflate-0.4.9.tgz",
      "integrity": "sha512-zdxgIEddhfsyCaWpJ2SdXEP8ZMrKJ6+5jl4OupODcywU0IhRk6gdXuVGcPICyfx2H97hVK7xmJtRLPjkxAX8Vw==",
      "license": "MIT"
    },
    "node_modules/posthog-js": {
      "version": "1.417.1",
      "resolved": "https://registry.npmjs.org/posthog-js/-/posthog-js-1.417.1.tgz",
      "integrity": "sha512-QpZnHA2PieGq9+W03LBw23DnN9CD1zM37DcXnpZkg+C5iAwYXLiZs8qof0Yi/BhY35PYuhVmv93nhztyHjVaJw==",
      "license": "(Apache-2.0 AND MIT)",
      "dependencies": {
        "@posthog/browser-common": "^0.5.0",
        "@posthog/core": "^1.48.1",
        "@posthog/types": "^1.404.1",
        "core-js": "^3.49.0",
        "dompurify": "^3.4.13",
        "fflate": "^0.4.8",
        "preact": "^10.29.3",
        "query-selector-shadow-dom": "^1.0.1",
        "web-vitals": "^5.3.0",
        "web-vitals-soft-navs": "npm:web-vitals@6.0.0"
      }
    },
    "node_modules/preact": {
      "version": "10.29.8",
      "resolved": "https://registry.npmjs.org/preact/-/preact-10.29.8.tgz",
      "integrity": "sha512-ej2aVZ+vZ8WO7tvlQWRM9N63A0KzF9q4mWJfDUHgYaIofWY9hu74QdnQrjoPMmZi2/nZ5gN0bJCQF49xQqx09Q==",
      "license": "MIT",
      "funding": {
        "type": "opencollective",
        "url": "https://opencollective.com/preact"
      },
      "peerDependencies": {
        "preact-render-to-string": ">=5"
      },
      "peerDependenciesMeta": {
        "preact-render-to-string": {
          "optional": true
        }
      }
    },
    "node_modules/query-selector-shadow-dom": {
      "version": "1.0.1",
      "resolved": "https://registry.npmjs.org/query-selector-shadow-dom/-/query-selector-shadow-dom-1.0.1.tgz",
      "integrity": "sha512-lT5yCqEBgfoMYpf3F2xQRK7zEr1rhIIZuceDK6+xRkJQ4NMbHTwXqk4NkwDwQMNqXgG9r9fyHnzwNVs6zV5KRw==",
      "license": "MIT"
    },
    "node_modules/web-vitals": {
      "version": "5.3.0",
      "resolved": "https://registry.npmjs.org/web-vitals/-/web-vitals-5.3.0.tgz",
      "integrity": "sha512-q6LWsLatGYZp5VGBIOvbTj6JBV2nOmC8KvWztXBmwJcfFAzhwKwbOxhUH306XY3CcaZDUlSmSuNPBsCn0bFu+g==",
      "license": "Apache-2.0"
    },
    "node_modules/web-vitals-soft-navs": {
      "name": "web-vitals",
      "version": "6.0.0",
      "resolved": "https://registry.npmjs.org/web-vitals/-/web-vitals-6.0.0.tgz",
      "integrity": "sha512-Guaibvy/+uNtL6Bsu4jmMJGzuSl91oeRH5iO9pPRbYftnFUr3yqT1TUNX/OE4o9HexuEMU3Kb/Wg7iKhlffZUA==",
      "license": "Apache-2.0"
    }
  }
}
